// !$*UTF8*$!
{
	archiveVersion = 1;
	classes = {
	};
	objectVersion = 46;
	objects = {

/* Begin PBXBuildFile section */
		8A024B331B0BAF700065DDD1 /* main.m in Sources */ = {isa = PBXBuildFile; fileRef = 8A024B321B0BAF700065DDD1 /* main.m */; };
		8A024B361B0BAF700065DDD1 /* AppDelegate.m in Sources */ = {isa = PBXBuildFile; fileRef = 8A024B351B0BAF700065DDD1 /* AppDelegate.m */; };
		8A024B391B0BAF700065DDD1 /* FirstViewController.m in Sources */ = {isa = PBXBuildFile; fileRef = 8A024B381B0BAF700065DDD1 /* FirstViewController.m */; };
		8A024B3C1B0BAF700065DDD1 /* SecondViewController.m in Sources */ = {isa = PBXBuildFile; fileRef = 8A024B3B1B0BAF700065DDD1 /* SecondViewController.m */; };
		8A024B3F1B0BAF700065DDD1 /* Main.storyboard in Resources */ = {isa = PBXBuildFile; fileRef = 8A024B3D1B0BAF700065DDD1 /* Main.storyboard */; };
		8A024B411B0BAF700065DDD1 /* Images.xcassets in Resources */ = {isa = PBXBuildFile; fileRef = 8A024B401B0BAF700065DDD1 /* Images.xcassets */; };
		8A024B441B0BAF700065DDD1 /* LaunchScreen.xib in Resources */ = {isa = PBXBuildFile; fileRef = 8A024B421B0BAF700065DDD1 /* LaunchScreen.xib */; };
		8A024B501B0BAF700065DDD1 /* _un_happyTests.m in Sources */ = {isa = PBXBuildFile; fileRef = 8A024B4F1B0BAF700065DDD1 /* _un_happyTests.m */; };
		8A912C981B0BD1A100F9A32C /* Thumb Up-50.png in Resources */ = {isa = PBXBuildFile; fileRef = 8A912C971B0BD1A100F9A32C /* Thumb Up-50.png */; };
		8A912C9B1B0BD22500F9A32C /* Thumbs-Down-White.png in Resources */ = {isa = PBXBuildFile; fileRef = 8A912C991B0BD22500F9A32C /* Thumbs-Down-White.png */; };
		8A912C9C1B0BD22500F9A32C /* Thumbs-Up-White.png in Resources */ = {isa = PBXBuildFile; fileRef = 8A912C9A1B0BD22500F9A32C /* Thumbs-Up-White.png */; };
		8A912C9E1B0BD93500F9A32C /* Line Chart-50.png in Resources */ = {isa = PBXBuildFile; fileRef = 8A912C9D1B0BD93500F9A32C /* Line Chart-50.png */; };
		8A912CA01B0BD93800F9A32C /* Question Mark Filled-50.png in Resources */ = {isa = PBXBuildFile; fileRef = 8A912C9F1B0BD93800F9A32C /* Question Mark Filled-50.png */; };
		8A912CA21B0BD97300F9A32C /* Question Mark Filled-25.png in Resources */ = {isa = PBXBuildFile; fileRef = 8A912CA11B0BD97300F9A32C /* Question Mark Filled-25.png */; };
		A9E9C35C3C9E5905A97DFC44 /* libPods.a in Frameworks */ = {isa = PBXBuildFile; fileRef = 961D7E1BE79886DDB411574F /* libPods.a */; };
/* End PBXBuildFile section */

/* Begin PBXContainerItemProxy section */
		8A024B4A1B0BAF700065DDD1 /* PBXContainerItemProxy */ = {
			isa = PBXContainerItemProxy;
			containerPortal = 8A024B251B0BAF700065DDD1 /* Project object */;
			proxyType = 1;
			remoteGlobalIDString = 8A024B2C1B0BAF700065DDD1;
			remoteInfo = "(un)happy";
		};
/* End PBXContainerItemProxy section */

/* Begin PBXFileReference section */
		8A024B2D1B0BAF700065DDD1 /* (un)happy.app */ = {isa = PBXFileReference; explicitFileType = wrapper.application; includeInIndex = 0; path = "(un)happy.app"; sourceTree = BUILT_PRODUCTS_DIR; };
		8A024B311B0BAF700065DDD1 /* Info.plist */ = {isa = PBXFileReference; lastKnownFileType = text.plist.xml; path = Info.plist; sourceTree = "<group>"; };
		8A024B321B0BAF700065DDD1 /* main.m */ = {isa = PBXFileReference; lastKnownFileType = sourcecode.c.objc; path = main.m; sourceTree = "<group>"; };
		8A024B341B0BAF700065DDD1 /* AppDelegate.h */ = {isa = PBXFileReference; lastKnownFileType = sourcecode.c.h; path = AppDelegate.h; sourceTree = "<group>"; };
		8A024B351B0BAF700065DDD1 /* AppDelegate.m */ = {isa = PBXFileReference; lastKnownFileType = sourcecode.c.objc; path = AppDelegate.m; sourceTree = "<group>"; };
		8A024B371B0BAF700065DDD1 /* FirstViewController.h */ = {isa = PBXFileReference; lastKnownFileType = sourcecode.c.h; path = FirstViewController.h; sourceTree = "<group>"; };
		8A024B381B0BAF700065DDD1 /* FirstViewController.m */ = {isa = PBXFileReference; lastKnownFileType = sourcecode.c.objc; path = FirstViewController.m; sourceTree = "<group>"; };
		8A024B3A1B0BAF700065DDD1 /* SecondViewController.h */ = {isa = PBXFileReference; lastKnownFileType = sourcecode.c.h; path = SecondViewController.h; sourceTree = "<group>"; };
		8A024B3B1B0BAF700065DDD1 /* SecondViewController.m */ = {isa = PBXFileReference; lastKnownFileType = sourcecode.c.objc; path = SecondViewController.m; sourceTree = "<group>"; };
		8A024B3E1B0BAF700065DDD1 /* Base */ = {isa = PBXFileReference; lastKnownFileType = file.storyboard; name = Base; path = Base.lproj/Main.storyboard; sourceTree = "<group>"; };
		8A024B401B0BAF700065DDD1 /* Images.xcassets */ = {isa = PBXFileReference; lastKnownFileType = folder.assetcatalog; path = Images.xcassets; sourceTree = "<group>"; };
		8A024B431B0BAF700065DDD1 /* Base */ = {isa = PBXFileReference; lastKnownFileType = file.xib; name = Base; path = Base.lproj/LaunchScreen.xib; sourceTree = "<group>"; };
		8A024B491B0BAF700065DDD1 /* (un)happyTests.xctest */ = {isa = PBXFileReference; explicitFileType = wrapper.cfbundle; includeInIndex = 0; path = "(un)happyTests.xctest"; sourceTree = BUILT_PRODUCTS_DIR; };
		8A024B4E1B0BAF700065DDD1 /* Info.plist */ = {isa = PBXFileReference; lastKnownFileType = text.plist.xml; path = Info.plist; sourceTree = "<group>"; };
		8A024B4F1B0BAF700065DDD1 /* _un_happyTests.m */ = {isa = PBXFileReference; lastKnownFileType = sourcecode.c.objc; path = _un_happyTests.m; sourceTree = "<group>"; };
		8A912C971B0BD1A100F9A32C /* Thumb Up-50.png */ = {isa = PBXFileReference; lastKnownFileType = image.png; path = "Thumb Up-50.png"; sourceTree = "<group>"; };
		8A912C991B0BD22500F9A32C /* Thumbs-Down-White.png */ = {isa = PBXFileReference; lastKnownFileType = image.png; path = "Thumbs-Down-White.png"; sourceTree = "<group>"; };
		8A912C9A1B0BD22500F9A32C /* Thumbs-Up-White.png */ = {isa = PBXFileReference; lastKnownFileType = image.png; path = "Thumbs-Up-White.png"; sourceTree = "<group>"; };
		8A912C9D1B0BD93500F9A32C /* Line Chart-50.png */ = {isa = PBXFileReference; lastKnownFileType = image.png; path = "Line Chart-50.png"; sourceTree = "<group>"; };
		8A912C9F1B0BD93800F9A32C /* Question Mark Filled-50.png */ = {isa = PBXFileReference; lastKnownFileType = image.png; path = "Question Mark Filled-50.png"; sourceTree = "<group>"; };
		8A912CA11B0BD97300F9A32C /* Question Mark Filled-25.png */ = {isa = PBXFileReference; lastKnownFileType = image.png; path = "Question Mark Filled-25.png"; sourceTree = "<group>"; };
		961D7E1BE79886DDB411574F /* libPods.a */ = {isa = PBXFileReference; explicitFileType = archive.ar; includeInIndex = 0; path = libPods.a; sourceTree = BUILT_PRODUCTS_DIR; };
		BDA11B3A1FD55361908F5D24 /* Pods.release.xcconfig */ = {isa = PBXFileReference; includeInIndex = 1; lastKnownFileType = text.xcconfig; name = Pods.release.xcconfig; path = "Pods/Target Support Files/Pods/Pods.release.xcconfig"; sourceTree = "<group>"; };
		F4FAF2CC0AF3CDD39DF3F7E9 /* Pods.debug.xcconfig */ = {isa = PBXFileReference; includeInIndex = 1; lastKnownFileType = text.xcconfig; name = Pods.debug.xcconfig; path = "Pods/Target Support Files/Pods/Pods.debug.xcconfig"; sourceTree = "<group>"; };
/* End PBXFileReference section */

/* Begin PBXFrameworksBuildPhase section */
		8A024B2A1B0BAF700065DDD1 /* Frameworks */ = {
			isa = PBXFrameworksBuildPhase;
			buildActionMask = 2147483647;
			files = (
				A9E9C35C3C9E5905A97DFC44 /* libPods.a in Frameworks */,
			);
			runOnlyForDeploymentPostprocessing = 0;
		};
		8A024B461B0BAF700065DDD1 /* Frameworks */ = {
			isa = PBXFrameworksBuildPhase;
			buildActionMask = 2147483647;
			files = (
			);
			runOnlyForDeploymentPostprocessing = 0;
		};
/* End PBXFrameworksBuildPhase section */

/* Begin PBXGroup section */
		3E3250113E46E0D62A392294 /* Frameworks */ = {
			isa = PBXGroup;
			children = (
				961D7E1BE79886DDB411574F /* libPods.a */,
			);
			name = Frameworks;
			sourceTree = "<group>";
		};
		7A60F6BD9FA225E89960796A /* Pods */ = {
			isa = PBXGroup;
			children = (
				F4FAF2CC0AF3CDD39DF3F7E9 /* Pods.debug.xcconfig */,
				BDA11B3A1FD55361908F5D24 /* Pods.release.xcconfig */,
			);
			name = Pods;
			sourceTree = "<group>";
		};
		8A024B241B0BAF700065DDD1 = {
			isa = PBXGroup;
			children = (
				8A024B2F1B0BAF700065DDD1 /* (un)happy */,
				8A024B4C1B0BAF700065DDD1 /* (un)happyTests */,
				8A024B2E1B0BAF700065DDD1 /* Products */,
				7A60F6BD9FA225E89960796A /* Pods */,
				3E3250113E46E0D62A392294 /* Frameworks */,
			);
			sourceTree = "<group>";
		};
		8A024B2E1B0BAF700065DDD1 /* Products */ = {
			isa = PBXGroup;
			children = (
				8A024B2D1B0BAF700065DDD1 /* (un)happy.app */,
				8A024B491B0BAF700065DDD1 /* (un)happyTests.xctest */,
			);
			name = Products;
			sourceTree = "<group>";
		};
		8A024B2F1B0BAF700065DDD1 /* (un)happy */ = {
			isa = PBXGroup;
			children = (
				8A912CA31B0BDE1A00F9A32C /* Assets */,
				8A024B341B0BAF700065DDD1 /* AppDelegate.h */,
				8A024B351B0BAF700065DDD1 /* AppDelegate.m */,
				8A024B371B0BAF700065DDD1 /* FirstViewController.h */,
				8A024B381B0BAF700065DDD1 /* FirstViewController.m */,
				8A024B3A1B0BAF700065DDD1 /* SecondViewController.h */,
				8A024B3B1B0BAF700065DDD1 /* SecondViewController.m */,
				8A024B3D1B0BAF700065DDD1 /* Main.storyboard */,
				8A024B401B0BAF700065DDD1 /* Images.xcassets */,
				8A024B421B0BAF700065DDD1 /* LaunchScreen.xib */,
				8A024B301B0BAF700065DDD1 /* Supporting Files */,
			);
			path = "(un)happy";
			sourceTree = "<group>";
		};
		8A024B301B0BAF700065DDD1 /* Supporting Files */ = {
			isa = PBXGroup;
			children = (
				8A024B311B0BAF700065DDD1 /* Info.plist */,
				8A024B321B0BAF700065DDD1 /* main.m */,
			);
			name = "Supporting Files";
			sourceTree = "<group>";
		};
		8A024B4C1B0BAF700065DDD1 /* (un)happyTests */ = {
			isa = PBXGroup;
			children = (
				8A024B4F1B0BAF700065DDD1 /* _un_happyTests.m */,
				8A024B4D1B0BAF700065DDD1 /* Supporting Files */,
			);
			path = "(un)happyTests";
			sourceTree = "<group>";
		};
		8A024B4D1B0BAF700065DDD1 /* Supporting Files */ = {
			isa = PBXGroup;
			children = (
				8A024B4E1B0BAF700065DDD1 /* Info.plist */,
			);
			name = "Supporting Files";
			sourceTree = "<group>";
		};
		8A912CA31B0BDE1A00F9A32C /* Assets */ = {
			isa = PBXGroup;
			children = (
				8A912CA11B0BD97300F9A32C /* Question Mark Filled-25.png */,
				8A912C9F1B0BD93800F9A32C /* Question Mark Filled-50.png */,
				8A912C9D1B0BD93500F9A32C /* Line Chart-50.png */,
				8A912C991B0BD22500F9A32C /* Thumbs-Down-White.png */,
				8A912C9A1B0BD22500F9A32C /* Thumbs-Up-White.png */,
				8A912C971B0BD1A100F9A32C /* Thumb Up-50.png */,
			);
			name = Assets;
			sourceTree = "<group>";
		};
/* End PBXGroup section */

/* Begin PBXNativeTarget section */
		8A024B2C1B0BAF700065DDD1 /* (un)happy */ = {
			isa = PBXNativeTarget;
			buildConfigurationList = 8A024B531B0BAF700065DDD1 /* Build configuration list for PBXNativeTarget "(un)happy" */;
			buildPhases = (
				4D4D3A3BA9D248432ECC948F /* Check Pods Manifest.lock */,
				8A024B291B0BAF700065DDD1 /* Sources */,
				8A024B2A1B0BAF700065DDD1 /* Frameworks */,
				8A024B2B1B0BAF700065DDD1 /* Resources */,
				8339718E51644DA231E0BB93 /* Copy Pods Resources */,
			);
			buildRules = (
			);
			dependencies = (
			);
			name = "(un)happy";
			productName = "(un)happy";
			productReference = 8A024B2D1B0BAF700065DDD1 /* (un)happy.app */;
			productType = "com.apple.product-type.application";
		};
		8A024B481B0BAF700065DDD1 /* (un)happyTests */ = {
			isa = PBXNativeTarget;
			buildConfigurationList = 8A024B561B0BAF700065DDD1 /* Build configuration list for PBXNativeTarget "(un)happyTests" */;
			buildPhases = (
				8A024B451B0BAF700065DDD1 /* Sources */,
				8A024B461B0BAF700065DDD1 /* Frameworks */,
				8A024B471B0BAF700065DDD1 /* Resources */,
			);
			buildRules = (
			);
			dependencies = (
				8A024B4B1B0BAF700065DDD1 /* PBXTargetDependency */,
			);
			name = "(un)happyTests";
			productName = "(un)happyTests";
			productReference = 8A024B491B0BAF700065DDD1 /* (un)happyTests.xctest */;
			productType = "com.apple.product-type.bundle.unit-test";
		};
/* End PBXNativeTarget section */

/* Begin PBXProject section */
		8A024B251B0BAF700065DDD1 /* Project object */ = {
			isa = PBXProject;
			attributes = {
				LastUpgradeCheck = 0630;
				ORGANIZATIONNAME = "Keaton Burleson";
				TargetAttributes = {
					8A024B2C1B0BAF700065DDD1 = {
						CreatedOnToolsVersion = 6.3.1;
						DevelopmentTeam = Z48RKT6B3T;
					};
					8A024B481B0BAF700065DDD1 = {
						CreatedOnToolsVersion = 6.3.1;
						TestTargetID = 8A024B2C1B0BAF700065DDD1;
					};
				};
			};
			buildConfigurationList = 8A024B281B0BAF700065DDD1 /* Build configuration list for PBXProject "(un)happy" */;
			compatibilityVersion = "Xcode 3.2";
			developmentRegion = English;
			hasScannedForEncodings = 0;
			knownRegions = (
				en,
				Base,
			);
			mainGroup = 8A024B241B0BAF700065DDD1;
			productRefGroup = 8A024B2E1B0BAF700065DDD1 /* Products */;
			projectDirPath = "";
			projectRoot = "";
			targets = (
				8A024B2C1B0BAF700065DDD1 /* (un)happy */,
				8A024B481B0BAF700065DDD1 /* (un)happyTests */,
			);
		};
/* End PBXProject section */

/* Begin PBXResourcesBuildPhase section */
		8A024B2B1B0BAF700065DDD1 /* Resources */ = {
			isa = PBXResourcesBuildPhase;
			buildActionMask = 2147483647;
			files = (
				8A024B3F1B0BAF700065DDD1 /* Main.storyboard in Resources */,
				8A912C9C1B0BD22500F9A32C /* Thumbs-Up-White.png in Resources */,
				8A912C981B0BD1A100F9A32C /* Thumb Up-50.png in Resources */,
				8A912CA01B0BD93800F9A32C /* Question Mark Filled-50.png in Resources */,
				8A024B441B0BAF700065DDD1 /* LaunchScreen.xib in Resources */,
				8A912CA21B0BD97300F9A32C /* Question Mark Filled-25.png in Resources */,
				8A024B411B0BAF700065DDD1 /* Images.xcassets in Resources */,
				8A912C9B1B0BD22500F9A32C /* Thumbs-Down-White.png in Resources */,
				8A912C9E1B0BD93500F9A32C /* Line Chart-50.png in Resources */,
			);
			runOnlyForDeploymentPostprocessing = 0;
		};
		8A024B471B0BAF700065DDD1 /* Resources */ = {
			isa = PBXResourcesBuildPhase;
			buildActionMask = 2147483647;
			files = (
			);
			runOnlyForDeploymentPostprocessing = 0;
		};
/* End PBXResourcesBuildPhase section */

/* Begin PBXShellScriptBuildPhase section */
		4D4D3A3BA9D248432ECC948F /* Check Pods Manifest.lock */ = {
			isa = PBXShellScriptBuildPhase;
			buildActionMask = 2147483647;
			files = (
			);
			inputPaths = (
			);
			name = "Check Pods Manifest.lock";
			outputPaths = (
			);
			runOnlyForDeploymentPostprocessing = 0;
			shellPath = /bin/sh;
			shellScript = "diff \"${PODS_ROOT}/../Podfile.lock\" \"${PODS_ROOT}/Manifest.lock\" > /dev/null\nif [[ $? != 0 ]] ; then\n    cat << EOM\nerror: The sandbox is not in sync with the Podfile.lock. Run 'pod install' or update your CocoaPods installation.\nEOM\n    exit 1\nfi\n";
			showEnvVarsInLog = 0;
		};
		8339718E51644DA231E0BB93 /* Copy Pods Resources */ = {
			isa = PBXShellScriptBuildPhase;
			buildActionMask = 2147483647;
			files = (
			);
			inputPaths = (
			);
			name = "Copy Pods Resources";
			outputPaths = (
			);
			runOnlyForDeploymentPostprocessing = 0;
			shellPath = /bin/sh;
			shellScript = "\"${SRCROOT}/Pods/Target Support Files/Pods/Pods-resources.sh\"\n";
			showEnvVarsInLog = 0;
		};
/* End PBXShellScriptBuildPhase section */

/* Begin PBXSourcesBuildPhase section */
		8A024B291B0BAF700065DDD1 /* Sources */ = {
			isa = PBXSourcesBuildPhase;
			buildActionMask = 2147483647;
			files = (
				8A024B3C1B0BAF700065DDD1 /* SecondViewController.m in Sources */,
				8A024B361B0BAF700065DDD1 /* AppDelegate.m in Sources */,
				8A024B391B0BAF700065DDD1 /* FirstViewController.m in Sources */,
				8A024B331B0BAF700065DDD1 /* main.m in Sources */,
			);
			runOnlyForDeploymentPostprocessing = 0;
		};
		8A024B451B0BAF700065DDD1 /* Sources */ = {
			isa = PBXSourcesBuildPhase;
			buildActionMask = 2147483647;
			files = (
				8A024B501B0BAF700065DDD1 /* _un_happyTests.m in Sources */,
			);
			runOnlyForDeploymentPostprocessing = 0;
		};
/* End PBXSourcesBuildPhase section */

/* Begin PBXTargetDependency section */
		8A024B4B1B0BAF700065DDD1 /* PBXTargetDependency */ = {
			isa = PBXTargetDependency;
			target = 8A024B2C1B0BAF700065DDD1 /* (un)happy */;
			targetProxy = 8A024B4A1B0BAF700065DDD1 /* PBXContainerItemProxy */;
		};
/* End PBXTargetDependency section */

/* Begin PBXVariantGroup section */
		8A024B3D1B0BAF700065DDD1 /* Main.storyboard */ = {
			isa = PBXVariantGroup;
			children = (
				8A024B3E1B0BAF700065DDD1 /* Base */,
			);
			name = Main.storyboard;
			sourceTree = "<group>";
		};
		8A024B421B0BAF700065DDD1 /* LaunchScreen.xib */ = {
			isa = PBXVariantGroup;
			children = (
				8A024B431B0BAF700065DDD1 /* Base */,
			);
			name = LaunchScreen.xib;
			sourceTree = "<group>";
		};
/* End PBXVariantGroup section */

/* Begin XCBuildConfiguration section */
		8A024B511B0BAF700065DDD1 /* Debug */ = {
			isa = XCBuildConfiguration;
			buildSettings = {
				ALWAYS_SEARCH_USER_PATHS = NO;
				CLANG_CXX_LANGUAGE_STANDARD = "gnu++0x";
				CLANG_CXX_LIBRARY = "libc++";
				CLANG_ENABLE_MODULES = YES;
				CLANG_ENABLE_OBJC_ARC = YES;
				CLANG_WARN_BOOL_CONVERSION = YES;
				CLANG_WARN_CONSTANT_CONVERSION = YES;
				CLANG_WARN_DIRECT_OBJC_ISA_USAGE = YES_ERROR;
				CLANG_WARN_EMPTY_BODY = YES;
				CLANG_WARN_ENUM_CONVERSION = YES;
				CLANG_WARN_INT_CONVERSION = YES;
				CLANG_WARN_OBJC_ROOT_CLASS = YES_ERROR;
				CLANG_WARN_UNREACHABLE_CODE = YES;
				CLANG_WARN__DUPLICATE_METHOD_MATCH = YES;
				"CODE_SIGN_IDENTITY[sdk=iphoneos*]" = "iPhone Developer";
				COPY_PHASE_STRIP = NO;
				DEBUG_INFORMATION_FORMAT = "dwarf-with-dsym";
				ENABLE_STRICT_OBJC_MSGSEND = YES;
				GCC_C_LANGUAGE_STANDARD = gnu99;
				GCC_DYNAMIC_NO_PIC = NO;
				GCC_NO_COMMON_BLOCKS = YES;
				GCC_OPTIMIZATION_LEVEL = 0;
				GCC_PREPROCESSOR_DEFINITIONS = (
					"DEBUG=1",
					"$(inherited)",
				);
				GCC_SYMBOLS_PRIVATE_EXTERN = NO;
				GCC_WARN_64_TO_32_BIT_CONVERSION = YES;
				GCC_WARN_ABOUT_RETURN_TYPE = YES_ERROR;
				GCC_WARN_UNDECLARED_SELECTOR = YES;
				GCC_WARN_UNINITIALIZED_AUTOS = YES_AGGRESSIVE;
				GCC_WARN_UNUSED_FUNCTION = YES;
				GCC_WARN_UNUSED_VARIABLE = YES;
				IPHONEOS_DEPLOYMENT_TARGET = 8.3;
				MTL_ENABLE_DEBUG_INFO = YES;
				ONLY_ACTIVE_ARCH = YES;
				SDKROOT = iphoneos;
			};
			name = Debug;
		};
		8A024B521B0BAF700065DDD1 /* Release */ = {
			isa = XCBuildConfiguration;
			buildSettings = {
				ALWAYS_SEARCH_USER_PATHS = NO;
				CLANG_CXX_LANGUAGE_STANDARD = "gnu++0x";
				CLANG_CXX_LIBRARY = "libc++";
				CLANG_ENABLE_MODULES = YES;
				CLANG_ENABLE_OBJC_ARC = YES;
				CLANG_WARN_BOOL_CONVERSION = YES;
				CLANG_WARN_CONSTANT_CONVERSION = YES;
				CLANG_WARN_DIRECT_OBJC_ISA_USAGE = YES_ERROR;
				CLANG_WARN_EMPTY_BODY = YES;
				CLANG_WARN_ENUM_CONVERSION = YES;
				CLANG_WARN_INT_CONVERSION = YES;
				CLANG_WARN_OBJC_ROOT_CLASS = YES_ERROR;
				CLANG_WARN_UNREACHABLE_CODE = YES;
				CLANG_WARN__DUPLICATE_METHOD_MATCH = YES;
				"CODE_SIGN_IDENTITY[sdk=iphoneos*]" = "iPhone Developer";
				COPY_PHASE_STRIP = NO;
				DEBUG_INFORMATION_FORMAT = "dwarf-with-dsym";
				ENABLE_NS_ASSERTIONS = NO;
				ENABLE_STRICT_OBJC_MSGSEND = YES;
				GCC_C_LANGUAGE_STANDARD = gnu99;
				GCC_NO_COMMON_BLOCKS = YES;
				GCC_WARN_64_TO_32_BIT_CONVERSION = YES;
				GCC_WARN_ABOUT_RETURN_TYPE = YES_ERROR;
				GCC_WARN_UNDECLARED_SELECTOR = YES;
				GCC_WARN_UNINITIALIZED_AUTOS = YES_AGGRESSIVE;
				GCC_WARN_UNUSED_FUNCTION = YES;
				GCC_WARN_UNUSED_VARIABLE = YES;
				IPHONEOS_DEPLOYMENT_TARGET = 8.3;
				MTL_ENABLE_DEBUG_INFO = NO;
				SDKROOT = iphoneos;
				VALIDATE_PRODUCT = YES;
			};
			name = Release;
		};
		8A024B541B0BAF700065DDD1 /* Debug */ = {
			isa = XCBuildConfiguration;
			baseConfigurationReference = F4FAF2CC0AF3CDD39DF3F7E9 /* Pods.debug.xcconfig */;
			buildSettings = {
				ARCHS = "$(ARCHS_STANDARD)";
				ASSETCATALOG_COMPILER_APPICON_NAME = AppIcon;
				Architectures = "(ARCHS_STANDARD_32_BIT)";
				CODE_SIGN_IDENTITY = "iPhone Developer";
				GCC_SYMBOLS_PRIVATE_EXTERN = NO;
				INFOPLIST_FILE = "(un)happy/Info.plist";
				IPHONEOS_DEPLOYMENT_TARGET = 8.1;
				LD_RUNPATH_SEARCH_PATHS = "$(inherited) @executable_path/Frameworks";
				ONLY_ACTIVE_ARCH = YES;
				PRODUCT_NAME = "$(TARGET_NAME)";
				VALID_ARCHS = "armv7 armv7s arm64";
			};
			name = Debug;
		};
		8A024B551B0BAF700065DDD1 /* Release */ = {
			isa = XCBuildConfiguration;
			baseConfigurationReference = BDA11B3A1FD55361908F5D24 /* Pods.release.xcconfig */;
			buildSettings = {
				ARCHS = "$(ARCHS_STANDARD)";
				ASSETCATALOG_COMPILER_APPICON_NAME = AppIcon;
				Architectures = "(ARCHS_STANDARD_32_BIT)";
				CODE_SIGN_IDENTITY = "iPhone Developer";
				GCC_SYMBOLS_PRIVATE_EXTERN = NO;
				INFOPLIST_FILE = "(un)happy/Info.plist";
				IPHONEOS_DEPLOYMENT_TARGET = 8.1;
				LD_RUNPATH_SEARCH_PATHS = "$(inherited) @executable_path/Frameworks";
				ONLY_ACTIVE_ARCH = YES;
				PRODUCT_NAME = "$(TARGET_NAME)";
				VALID_ARCHS = "armv7 armv7s arm64";
			};
			name = Release;
		};
		8A024B571B0BAF700065DDD1 /* Debug */ = {
			isa = XCBuildConfiguration;
			buildSettings = {
				BUNDLE_LOADER = "$(TEST_HOST)";
				FRAMEWORK_SEARCH_PATHS = (
					"$(SDKROOT)/Developer/Library/Frameworks",
					"$(inherited)",
				);
				GCC_PREPROCESSOR_DEFINITIONS = (
					"DEBUG=1",
					"$(inherited)",
				);
				INFOPLIST_FILE = "(un)happyTests/Info.plist";
				LD_RUNPATH_SEARCH_PATHS = "$(inherited) @executable_path/Frameworks @loader_path/Frameworks";
				PRODUCT_NAME = "$(TARGET_NAME)";
				TEST_HOST = "$(BUILT_PRODUCTS_DIR)/(un)happy.app/(un)happy";
			};
			name = Debug;
		};
		8A024B581B0BAF700065DDD1 /* Release */ = {
			isa = XCBuildConfiguration;
			buildSettings = {
				BUNDLE_LOADER = "$(TEST_HOST)";
				FRAMEWORK_SEARCH_PATHS = (
					"$(SDKROOT)/Developer/Library/Frameworks",
					"$(inherited)",
				);
				INFOPLIST_FILE = "(un)happyTests/Info.plist";
				LD_RUNPATH_SEARCH_PATHS = "$(inherited) @executable_path/Frameworks @loader_path/Frameworks";
				PRODUCT_NAME = "$(TARGET_NAME)";
				TEST_HOST = "$(BUILT_PRODUCTS_DIR)/(un)happy.app/(un)happy";
			};
			name = Release;
		};
/* End XCBuildConfiguration section */

/* Begin XCConfigurationList section */
		8A024B281B0BAF700065DDD1 /* Build configuration list for PBXProject "(un)happy" */ = {
			isa = XCConfigurationList;
			buildConfigurations = (
				8A024B511B0BAF700065DDD1 /* Debug */,
				8A024B521B0BAF700065DDD1 /* Release */,
			);
			defaultConfigurationIsVisible = 0;
			defaultConfigurationName = Release;
		};
		8A024B531B0BAF700065DDD1 /* Build configuration list for PBXNativeTarget "(un)happy" */ = {
			isa = XCConfigurationList;
			buildConfigurations = (
				8A024B541B0BAF700065DDD1 /* Debug */,
				8A024B551B0BAF700065DDD1 /* Release */,
			);
			defaultConfigurationIsVisible = 0;
			defaultConfigurationName = Release;
		};
		8A024B561B0BAF700065DDD1 /* Build configuration list for PBXNativeTarget "(un)happyTests" */ = {
			isa = XCConfigurationList;
			buildConfigurations = (
				8A024B571B0BAF700065DDD1 /* Debug */,
				8A024B581B0BAF700065DDD1 /* Release */,
			);
			defaultConfigurationIsVisible = 0;
			defaultConfigurationName = Release;
		};
/* End XCConfigurationList section */
	};
	rootObject = 8A024B251B0BAF700065DDD1 /* Project object */;
}
